
Microsoft Visual Studio Solution File, Format Version 12.00
# Visual Studio 15
VisualStudioVersion = 15.0.27130.2010
MinimumVisualStudioVersion = 10.0.40219.1
Project("{FAE04EC0-301F-11D3-BF4B-00C04F79EFBC}") = "RS.DeckBuilder", "RS.DeckBuilder\RS.DeckBuilder.csproj", "{99AA38C3-B239-438D-A9ED-D7434EE79D14}"
EndProject
Project("{FAE04EC0-301F-11D3-BF4B-00C04F79EFBC}") = "RS.DeckBuilder.DM", "RS.DeckBuilder.DM\RS.DeckBuilder.DM.csproj", "{D0C5D2F2-438C-4C4B-83F1-4B12774BA6C5}"
EndProject
Project("{FAE04EC0-301F-11D3-BF4B-00C04F79EFBC}") = "RS.DeckBuilder.Common", "RS.DeckBuilder.Common\RS.DeckBuilder.Common.csproj", "{DB5296C5-D1B6-4848-8EA3-C9A334459BDE}"
EndProject
Project("{FAE04EC0-301F-11D3-BF4B-00C04F79EFBC}") = "RS.DeckBuilder.UnitTest", "RS.DeckBuilder.UnitTest\RS.DeckBuilder.UnitTest.csproj", "{0B005EE6-8F2E-455A-BCC6-453DB63B2EE3}"
EndProject
Global
	GlobalSection(SolutionConfigurationPlatforms) = preSolution
		Debug|Any CPU = Debug|Any CPU
		Release|Any CPU = Release|Any CPU
	EndGlobalSection
	GlobalSection(ProjectConfigurationPlatforms) = postSolution
		{99AA38C3-B239-438D-A9ED-D7434EE79D14}.Debug|Any CPU.ActiveCfg = Debug|Any CPU
		{99AA38C3-B239-438D-A9ED-D7434EE79D14}.Debug|Any CPU.Build.0 = Debug|Any CPU
		{99AA38C3-B239-438D-A9ED-D7434EE79D14}.Release|Any CPU.ActiveCfg = Release|Any CPU
		{99AA38C3-B239-438D-A9ED-D7434EE79D14}.Release|Any CPU.Build.0 = Release|Any CPU
		{D0C5D2F2-438C-4C4B-83F1-4B12774BA6C5}.Debug|Any CPU.ActiveCfg = Debug|Any CPU
		{D0C5D2F2-438C-4C4B-83F1-4B12774BA6C5}.Debug|Any CPU.Build.0 = Debug|Any CPU
		{D0C5D2F2-438C-4C4B-83F1-4B12774BA6C5}.Release|Any CPU.ActiveCfg = Release|Any CPU
		{D0C5D2F2-438C-4C4B-83F1-4B12774BA6C5}.Release|Any CPU.Build.0 = Release|Any CPU
		{DB5296C5-D1B6-4848-8EA3-C9A334459BDE}.Debug|Any CPU.ActiveCfg = Debug|Any CPU
		{DB5296C5-D1B6-4848-8EA3-C9A334459BDE}.Debug|Any CPU.Build.0 = Debug|Any CPU
		{DB5296C5-D1B6-4848-8EA3-C9A334459BDE}.Release|Any CPU.ActiveCfg = Release|Any CPU
		{DB5296C5-D1B6-4848-8EA3-C9A334459BDE}.Release|Any CPU.Build.0 = Release|Any CPU
		{0B005EE6-8F2E-455A-BCC6-453DB63B2EE3}.Debug|Any CPU.ActiveCfg = Debug|Any CPU
		{0B005EE6-8F2E-455A-BCC6-453DB63B2EE3}.Debug|Any CPU.Build.0 = Debug|Any CPU
		{0B005EE6-8F2E-455A-BCC6-453DB63B2EE3}.Release|Any CPU.ActiveCfg = Release|Any CPU
		{0B005EE6-8F2E-455A-BCC6-453DB63B2EE3}.Release|Any CPU.Build.0 = Release|Any CPU
	EndGlobalSection
	GlobalSection(SolutionProperties) = preSolution
		HideSolutionNode = FALSE
	EndGlobalSection
	GlobalSection(ExtensibilityGlobals) = postSolution
		SolutionGuid = {9D9D658E-6EE8-448A-9255-CD7A2F75AB42}
	EndGlobalSection
EndGlobal
